
Microsoft Visual Studio Solution File, Format Version 12.00
# Visual Studio Version 17
VisualStudioVersion = 17.8.34330.188
MinimumVisualStudioVersion = 10.0.40219.1
Project("{9A19103F-16F7-4668-BE54-9A1E7A4F7556}") = "WebApplication", "WebApplication\WebApplication.csproj", "{DC092588-E706-449E-843D-F688D04C259B}"
EndProject
Project("{9A19103F-16F7-4668-BE54-9A1E7A4F7556}") = "Entities", "Entities\Entities.csproj", "{B298CA57-FC24-4EE0-AEFC-09BFE65B009B}"
EndProject
Project("{9A19103F-16F7-4668-BE54-9A1E7A4F7556}") = "DAL", "DAL\DAL.csproj", "{0650466F-F930-4927-AB4A-E37CF20CB38D}"
EndProject
Project("{FAE04EC0-301F-11D3-BF4B-00C04F79EFBC}") = "Models", "Models\Models.csproj", "{0E597F35-B7A0-4EF3-8E3A-775AA830B11D}"
EndProject
Project("{FAE04EC0-301F-11D3-BF4B-00C04F79EFBC}") = "BL", "BL\BL.csproj", "{5AF4F134-D2BE-41DE-88A7-2590BEFAE01B}"
EndProject
Global
	GlobalSection(SolutionConfigurationPlatforms) = preSolution
		Debug|Any CPU = Debug|Any CPU
		Release|Any CPU = Release|Any CPU
	EndGlobalSection
	GlobalSection(ProjectConfigurationPlatforms) = postSolution
		{DC092588-E706-449E-843D-F688D04C259B}.Debug|Any CPU.ActiveCfg = Debug|Any CPU
		{DC092588-E706-449E-843D-F688D04C259B}.Debug|Any CPU.Build.0 = Debug|Any CPU
		{DC092588-E706-449E-843D-F688D04C259B}.Release|Any CPU.ActiveCfg = Release|Any CPU
		{DC092588-E706-449E-843D-F688D04C259B}.Release|Any CPU.Build.0 = Release|Any CPU
		{B298CA57-FC24-4EE0-AEFC-09BFE65B009B}.Debug|Any CPU.ActiveCfg = Debug|Any CPU
		{B298CA57-FC24-4EE0-AEFC-09BFE65B009B}.Debug|Any CPU.Build.0 = Debug|Any CPU
		{B298CA57-FC24-4EE0-AEFC-09BFE65B009B}.Release|Any CPU.ActiveCfg = Release|Any CPU
		{B298CA57-FC24-4EE0-AEFC-09BFE65B009B}.Release|Any CPU.Build.0 = Release|Any CPU
		{0650466F-F930-4927-AB4A-E37CF20CB38D}.Debug|Any CPU.ActiveCfg = Debug|Any CPU
		{0650466F-F930-4927-AB4A-E37CF20CB38D}.Debug|Any CPU.Build.0 = Debug|Any CPU
		{0650466F-F930-4927-AB4A-E37CF20CB38D}.Release|Any CPU.ActiveCfg = Release|Any CPU
		{0650466F-F930-4927-AB4A-E37CF20CB38D}.Release|Any CPU.Build.0 = Release|Any CPU
		{0E597F35-B7A0-4EF3-8E3A-775AA830B11D}.Debug|Any CPU.ActiveCfg = Debug|Any CPU
		{0E597F35-B7A0-4EF3-8E3A-775AA830B11D}.Debug|Any CPU.Build.0 = Debug|Any CPU
		{0E597F35-B7A0-4EF3-8E3A-775AA830B11D}.Release|Any CPU.ActiveCfg = Release|Any CPU
		{0E597F35-B7A0-4EF3-8E3A-775AA830B11D}.Release|Any CPU.Build.0 = Release|Any CPU
		{5AF4F134-D2BE-41DE-88A7-2590BEFAE01B}.Debug|Any CPU.ActiveCfg = Debug|Any CPU
		{5AF4F134-D2BE-41DE-88A7-2590BEFAE01B}.Debug|Any CPU.Build.0 = Debug|Any CPU
		{5AF4F134-D2BE-41DE-88A7-2590BEFAE01B}.Release|Any CPU.ActiveCfg = Release|Any CPU
		{5AF4F134-D2BE-41DE-88A7-2590BEFAE01B}.Release|Any CPU.Build.0 = Release|Any CPU
	EndGlobalSection
	GlobalSection(SolutionProperties) = preSolution
		HideSolutionNode = FALSE
	EndGlobalSection
	GlobalSection(ExtensibilityGlobals) = postSolution
		SolutionGuid = {310874F9-C45C-4A24-9BFF-6A41260CEC80}
	EndGlobalSection
EndGlobal
